
Microsoft Visual Studio Solution File, Format Version 12.00
# Visual Studio Version 17
VisualStudioVersion = 17.9.34728.123
MinimumVisualStudioVersion = 10.0.40219.1
Project("{9A19103F-16F7-4668-BE54-9A1E7A4F7556}") = "Currency.API", "Currency.API\Currency.API.csproj", "{1DA07657-8EE5-4067-A1A6-1164E8D33B92}"
EndProject
Project("{9A19103F-16F7-4668-BE54-9A1E7A4F7556}") = "Currency.Model", "Currency.Model\Currency.Model.csproj", "{78C0C7BA-A33C-4A7C-A803-2A4508BC3579}"
EndProject
Project("{9A19103F-16F7-4668-BE54-9A1E7A4F7556}") = "Currency.Service", "Currency.Service\Currency.Service.csproj", "{2C587A55-DB33-4EEE-9DE2-545A08889C1E}"
EndProject
Project("{54A90642-561A-4BB1-A94E-469ADEE60C69}") = "Currency.UI", "Currency.UI\Currency.UI.esproj", "{D066ED6B-8D9F-473A-8EC8-AA2319A49B13}"
EndProject
Project("{FAE04EC0-301F-11D3-BF4B-00C04F79EFBC}") = "Currency.SQLServer.DAL", "Currency.SQLServer.DAL\Currency.SQLServer.DAL.csproj", "{873E7EDE-C0DF-4DAC-8826-B0A023A74A27}"
EndProject
Global
	GlobalSection(SolutionConfigurationPlatforms) = preSolution
		Debug|Any CPU = Debug|Any CPU
		Release|Any CPU = Release|Any CPU
	EndGlobalSection
	GlobalSection(ProjectConfigurationPlatforms) = postSolution
		{1DA07657-8EE5-4067-A1A6-1164E8D33B92}.Debug|Any CPU.ActiveCfg = Debug|Any CPU
		{1DA07657-8EE5-4067-A1A6-1164E8D33B92}.Debug|Any CPU.Build.0 = Debug|Any CPU
		{1DA07657-8EE5-4067-A1A6-1164E8D33B92}.Release|Any CPU.ActiveCfg = Release|Any CPU
		{1DA07657-8EE5-4067-A1A6-1164E8D33B92}.Release|Any CPU.Build.0 = Release|Any CPU
		{78C0C7BA-A33C-4A7C-A803-2A4508BC3579}.Debug|Any CPU.ActiveCfg = Debug|Any CPU
		{78C0C7BA-A33C-4A7C-A803-2A4508BC3579}.Debug|Any CPU.Build.0 = Debug|Any CPU
		{78C0C7BA-A33C-4A7C-A803-2A4508BC3579}.Release|Any CPU.ActiveCfg = Release|Any CPU
		{78C0C7BA-A33C-4A7C-A803-2A4508BC3579}.Release|Any CPU.Build.0 = Release|Any CPU
		{2C587A55-DB33-4EEE-9DE2-545A08889C1E}.Debug|Any CPU.ActiveCfg = Debug|Any CPU
		{2C587A55-DB33-4EEE-9DE2-545A08889C1E}.Debug|Any CPU.Build.0 = Debug|Any CPU
		{2C587A55-DB33-4EEE-9DE2-545A08889C1E}.Release|Any CPU.ActiveCfg = Release|Any CPU
		{2C587A55-DB33-4EEE-9DE2-545A08889C1E}.Release|Any CPU.Build.0 = Release|Any CPU
		{D066ED6B-8D9F-473A-8EC8-AA2319A49B13}.Debug|Any CPU.ActiveCfg = Debug|Any CPU
		{D066ED6B-8D9F-473A-8EC8-AA2319A49B13}.Debug|Any CPU.Build.0 = Debug|Any CPU
		{D066ED6B-8D9F-473A-8EC8-AA2319A49B13}.Debug|Any CPU.Deploy.0 = Debug|Any CPU
		{D066ED6B-8D9F-473A-8EC8-AA2319A49B13}.Release|Any CPU.ActiveCfg = Release|Any CPU
		{D066ED6B-8D9F-473A-8EC8-AA2319A49B13}.Release|Any CPU.Build.0 = Release|Any CPU
		{D066ED6B-8D9F-473A-8EC8-AA2319A49B13}.Release|Any CPU.Deploy.0 = Release|Any CPU
		{873E7EDE-C0DF-4DAC-8826-B0A023A74A27}.Debug|Any CPU.ActiveCfg = Debug|Any CPU
		{873E7EDE-C0DF-4DAC-8826-B0A023A74A27}.Debug|Any CPU.Build.0 = Debug|Any CPU
		{873E7EDE-C0DF-4DAC-8826-B0A023A74A27}.Release|Any CPU.ActiveCfg = Release|Any CPU
		{873E7EDE-C0DF-4DAC-8826-B0A023A74A27}.Release|Any CPU.Build.0 = Release|Any CPU
	EndGlobalSection
	GlobalSection(SolutionProperties) = preSolution
		HideSolutionNode = FALSE
	EndGlobalSection
	GlobalSection(ExtensibilityGlobals) = postSolution
		SolutionGuid = {2E81231C-E52A-494F-ADB1-F29E61EFDE7D}
	EndGlobalSection
EndGlobal
